
Microsoft Visual Studio Solution File, Format Version 12.00
# Visual Studio Version 17
VisualStudioVersion = 17.6.33815.320
MinimumVisualStudioVersion = 10.0.40219.1
Project("{FAE04EC0-301F-11D3-BF4B-00C04F79EFBC}") = "DongHwa_Alarm", "DongHwa_Alarm\DongHwa_Alarm.csproj", "{99322628-5E54-43CF-ADD0-F1056682530B}"
EndProject
Global
	GlobalSection(SolutionConfigurationPlatforms) = preSolution
		Debug|Any CPU = Debug|Any CPU
		Release|Any CPU = Release|Any CPU
	EndGlobalSection
	GlobalSection(ProjectConfigurationPlatforms) = postSolution
		{99322628-5E54-43CF-ADD0-F1056682530B}.Debug|Any CPU.ActiveCfg = Debug|Any CPU
		{99322628-5E54-43CF-ADD0-F1056682530B}.Debug|Any CPU.Build.0 = Debug|Any CPU
		{99322628-5E54-43CF-ADD0-F1056682530B}.Release|Any CPU.ActiveCfg = Release|Any CPU
		{99322628-5E54-43CF-ADD0-F1056682530B}.Release|Any CPU.Build.0 = Release|Any CPU
	EndGlobalSection
	GlobalSection(SolutionProperties) = preSolution
		HideSolutionNode = FALSE
	EndGlobalSection
	GlobalSection(ExtensibilityGlobals) = postSolution
		SolutionGuid = {ADBBE98D-9D56-40E1-8A44-2DA0ADD5532B}
	EndGlobalSection
EndGlobal
